
Microsoft Visual Studio Solution File, Format Version 12.00
# Visual Studio 15
VisualStudioVersion = 15.0.27428.1
MinimumVisualStudioVersion = 10.0.40219.1
Project("{9A19103F-16F7-4668-BE54-9A1E7A4F7556}") = "AzureFunctions.Extensions.CognitiveServices", "AzureFunctions.Extensions.CognitiveServices\AzureFunctions.Extensions.CognitiveServices.csproj", "{CF825051-50F5-45C6-9220-E794DE51F87C}"
EndProject
Project("{9A19103F-16F7-4668-BE54-9A1E7A4F7556}") = "AzureFunctions.Extensions.CognitiveServices.Tests", "..\tests\AzureFunctions.Extensions.CognitiveServices.Tests\AzureFunctions.Extensions.CognitiveServices.Tests.csproj", "{37767F3C-FDD9-4F2F-842B-CB347CF46072}"
EndProject
Project("{9A19103F-16F7-4668-BE54-9A1E7A4F7556}") = "AzureFunctions.Extensions.CognitiveServics.Samples", "..\samples\AzureFunctions.Extensions.CognitiveServics.Samples\AzureFunctions.Extensions.CognitiveServics.Samples.csproj", "{553593F1-CBBC-4555-BB82-616C12E0EC82}"
EndProject
Global
	GlobalSection(SolutionConfigurationPlatforms) = preSolution
		Debug|Any CPU = Debug|Any CPU
		Release|Any CPU = Release|Any CPU
	EndGlobalSection
	GlobalSection(ProjectConfigurationPlatforms) = postSolution
		{CF825051-50F5-45C6-9220-E794DE51F87C}.Debug|Any CPU.ActiveCfg = Debug|Any CPU
		{CF825051-50F5-45C6-9220-E794DE51F87C}.Debug|Any CPU.Build.0 = Debug|Any CPU
		{CF825051-50F5-45C6-9220-E794DE51F87C}.Release|Any CPU.ActiveCfg = Release|Any CPU
		{CF825051-50F5-45C6-9220-E794DE51F87C}.Release|Any CPU.Build.0 = Release|Any CPU
		{37767F3C-FDD9-4F2F-842B-CB347CF46072}.Debug|Any CPU.ActiveCfg = Debug|Any CPU
		{37767F3C-FDD9-4F2F-842B-CB347CF46072}.Debug|Any CPU.Build.0 = Debug|Any CPU
		{37767F3C-FDD9-4F2F-842B-CB347CF46072}.Release|Any CPU.ActiveCfg = Release|Any CPU
		{37767F3C-FDD9-4F2F-842B-CB347CF46072}.Release|Any CPU.Build.0 = Release|Any CPU
		{553593F1-CBBC-4555-BB82-616C12E0EC82}.Debug|Any CPU.ActiveCfg = Debug|Any CPU
		{553593F1-CBBC-4555-BB82-616C12E0EC82}.Debug|Any CPU.Build.0 = Debug|Any CPU
		{553593F1-CBBC-4555-BB82-616C12E0EC82}.Release|Any CPU.ActiveCfg = Release|Any CPU
		{553593F1-CBBC-4555-BB82-616C12E0EC82}.Release|Any CPU.Build.0 = Release|Any CPU
	EndGlobalSection
	GlobalSection(SolutionProperties) = preSolution
		HideSolutionNode = FALSE
	EndGlobalSection
	GlobalSection(ExtensibilityGlobals) = postSolution
		SolutionGuid = {49F1B715-24A3-4580-BA87-34ED114ED2B8}
	EndGlobalSection
EndGlobal
